
Microsoft Visual Studio Solution File, Format Version 12.00
# Visual Studio 2012
Project("{FAE04EC0-301F-11D3-BF4B-00C04F79EFBC}") = "AccessoryTextInput", "AccessoryTextInput\AccessoryTextInput.csproj", "{E1DB6641-E0D4-49C8-9CBC-71391F588592}"
EndProject
Global
	GlobalSection(SolutionConfigurationPlatforms) = preSolution
		Debug|iPhoneSimulator = Debug|iPhoneSimulator
		Release|iPhone = Release|iPhone
		Release|iPhoneSimulator = Release|iPhoneSimulator
		Debug|iPhone = Debug|iPhone
	EndGlobalSection
	GlobalSection(ProjectConfigurationPlatforms) = postSolution
		{E1DB6641-E0D4-49C8-9CBC-71391F588592}.Debug|iPhone.ActiveCfg = Debug|iPhone
		{E1DB6641-E0D4-49C8-9CBC-71391F588592}.Debug|iPhone.Build.0 = Debug|iPhone
		{E1DB6641-E0D4-49C8-9CBC-71391F588592}.Debug|iPhoneSimulator.ActiveCfg = Debug|iPhoneSimulator
		{E1DB6641-E0D4-49C8-9CBC-71391F588592}.Debug|iPhoneSimulator.Build.0 = Debug|iPhoneSimulator
		{E1DB6641-E0D4-49C8-9CBC-71391F588592}.Release|iPhone.ActiveCfg = Release|iPhone
		{E1DB6641-E0D4-49C8-9CBC-71391F588592}.Release|iPhone.Build.0 = Release|iPhone
		{E1DB6641-E0D4-49C8-9CBC-71391F588592}.Release|iPhoneSimulator.ActiveCfg = Release|iPhoneSimulator
		{E1DB6641-E0D4-49C8-9CBC-71391F588592}.Release|iPhoneSimulator.Build.0 = Release|iPhoneSimulator
	EndGlobalSection
EndGlobal
