
Microsoft Visual Studio Solution File, Format Version 12.00
# Visual Studio 14
VisualStudioVersion = 14.0.25420.1
MinimumVisualStudioVersion = 10.0.40219.1
Project("{FAE04EC0-301F-11D3-BF4B-00C04F79EFBC}") = "Sylapse.AccessoryTextInput", "..\src\Sylapse.AccessoryTextInput\Sylapse.AccessoryTextInput.csproj", "{3D312AB8-9ECC-4A1D-A693-A78813D80814}"
EndProject
Project("{FAE04EC0-301F-11D3-BF4B-00C04F79EFBC}") = "AccessoryTextInputSample", "AccessoryTextInputSample\AccessoryTextInputSample.csproj", "{E1DB6641-E0D4-49C8-9CBC-71391F588592}"
EndProject
Global
	GlobalSection(SolutionConfigurationPlatforms) = preSolution
		Debug|Any CPU = Debug|Any CPU
		Debug|iPhone = Debug|iPhone
		Debug|iPhoneSimulator = Debug|iPhoneSimulator
		Release|Any CPU = Release|Any CPU
		Release|iPhone = Release|iPhone
		Release|iPhoneSimulator = Release|iPhoneSimulator
	EndGlobalSection
	GlobalSection(ProjectConfigurationPlatforms) = postSolution
		{3D312AB8-9ECC-4A1D-A693-A78813D80814}.Debug|Any CPU.ActiveCfg = Debug|Any CPU
		{3D312AB8-9ECC-4A1D-A693-A78813D80814}.Debug|Any CPU.Build.0 = Debug|Any CPU
		{3D312AB8-9ECC-4A1D-A693-A78813D80814}.Debug|iPhone.ActiveCfg = Debug|Any CPU
		{3D312AB8-9ECC-4A1D-A693-A78813D80814}.Debug|iPhone.Build.0 = Debug|Any CPU
		{3D312AB8-9ECC-4A1D-A693-A78813D80814}.Debug|iPhoneSimulator.ActiveCfg = Debug|Any CPU
		{3D312AB8-9ECC-4A1D-A693-A78813D80814}.Debug|iPhoneSimulator.Build.0 = Debug|Any CPU
		{3D312AB8-9ECC-4A1D-A693-A78813D80814}.Release|Any CPU.ActiveCfg = Release|Any CPU
		{3D312AB8-9ECC-4A1D-A693-A78813D80814}.Release|Any CPU.Build.0 = Release|Any CPU
		{3D312AB8-9ECC-4A1D-A693-A78813D80814}.Release|iPhone.ActiveCfg = Release|Any CPU
		{3D312AB8-9ECC-4A1D-A693-A78813D80814}.Release|iPhone.Build.0 = Release|Any CPU
		{3D312AB8-9ECC-4A1D-A693-A78813D80814}.Release|iPhoneSimulator.ActiveCfg = Release|Any CPU
		{3D312AB8-9ECC-4A1D-A693-A78813D80814}.Release|iPhoneSimulator.Build.0 = Release|Any CPU
		{E1DB6641-E0D4-49C8-9CBC-71391F588592}.Debug|Any CPU.ActiveCfg = Debug|iPhone
		{E1DB6641-E0D4-49C8-9CBC-71391F588592}.Debug|iPhone.ActiveCfg = Debug|iPhone
		{E1DB6641-E0D4-49C8-9CBC-71391F588592}.Debug|iPhone.Build.0 = Debug|iPhone
		{E1DB6641-E0D4-49C8-9CBC-71391F588592}.Debug|iPhoneSimulator.ActiveCfg = Debug|iPhoneSimulator
		{E1DB6641-E0D4-49C8-9CBC-71391F588592}.Debug|iPhoneSimulator.Build.0 = Debug|iPhoneSimulator
		{E1DB6641-E0D4-49C8-9CBC-71391F588592}.Release|Any CPU.ActiveCfg = Release|iPhone
		{E1DB6641-E0D4-49C8-9CBC-71391F588592}.Release|iPhone.ActiveCfg = Release|iPhone
		{E1DB6641-E0D4-49C8-9CBC-71391F588592}.Release|iPhone.Build.0 = Release|iPhone
		{E1DB6641-E0D4-49C8-9CBC-71391F588592}.Release|iPhoneSimulator.ActiveCfg = Release|iPhoneSimulator
		{E1DB6641-E0D4-49C8-9CBC-71391F588592}.Release|iPhoneSimulator.Build.0 = Release|iPhoneSimulator
	EndGlobalSection
	GlobalSection(SolutionProperties) = preSolution
		HideSolutionNode = FALSE
	EndGlobalSection
EndGlobal
